# This file is autogenerated, do not edit; changes may be undone by the next 'dep ensure'.


[[projects]]
  name = "github.com/containerum/cherry"
  packages = [
    ".",
    "adaptors/cherrylog"
  ]
  revision = "34f7a2a139b36c20a34b93738dda33476efad47d"
  version = "v1.0.1"

[[projects]]
  name = "github.com/containerum/kube-client"
  packages = ["pkg/model"]
  revision = "09522c513a575e6a85a057ed00aa37e5134dbc60"
  version = "v0.19.1"

[[projects]]
  name = "github.com/go-pg/pg"
  packages = [
    ".",
    "internal",
    "internal/parser",
    "internal/pool",
    "orm",
    "types"
  ]
  revision = "8c7fa0eed0d9e9d07fca2cc9e08e3171da0521d5"
  version = "v6.13.5"

[[projects]]
  branch = "master"
  name = "github.com/jinzhu/inflection"
  packages = ["."]
  revision = "04140366298a54a039076d798123ffa108fff46c"

[[projects]]
  name = "github.com/ninedraft/boxofstuff"
  packages = ["strset"]
  revision = "a75053006032b83ac7c7c9d5ed2af949e954b372"
  version = "v0.1.0"

[[projects]]
  name = "github.com/sirupsen/logrus"
  packages = ["."]
  revision = "c155da19408a8799da419ed3eeb0cb5db0ad5dbc"
  version = "v1.0.5"

[[projects]]
  branch = "master"
  name = "golang.org/x/crypto"
  packages = ["ssh/terminal"]
  revision = "ab813273cd59e1333f7ae7bff5d027d4aadf528c"

[[projects]]
  branch = "master"
  name = "golang.org/x/sys"
  packages = [
    "unix",
    "windows"
  ]
  revision = "c11f84a56e43e20a78cee75a7c034031ecf57d1f"

[solve-meta]
  analyzer-name = "dep"
  analyzer-version = 1
  inputs-digest = "b557e515850e98cd7be67e53796183f5c841cfaf6e89e511a586fef71880b121"
  solver-name = "gps-cdcl"
  solver-version = 1
